// !$*UTF8*$!
{
	archiveVersion = 1;
	classes = {
	};
	objectVersion = 77;
	objects = {

/* Begin PBXBuildFile section */
		B51797F82DD521510094D1C6 /* WidgetKit.framework in Frameworks */ = {isa = PBXBuildFile; fileRef = B51797F72DD521510094D1C6 /* WidgetKit.framework */; };
		B51797FA2DD521510094D1C6 /* SwiftUI.framework in Frameworks */ = {isa = PBXBuildFile; fileRef = B51797F92DD521510094D1C6 /* SwiftUI.framework */; };
		B517980B2DD521520094D1C6 /* PataHeroWidgetExtension.appex in Embed Foundation Extensions */ = {isa = PBXBuildFile; fileRef = B51797F52DD521510094D1C6 /* PataHeroWidgetExtension.appex */; settings = {ATTRIBUTES = (RemoveHeadersOnCopy, ); }; };
		B554E5422DC88C65008DA668 /* PataHeroWatch Watch App.app in Embed Watch Content */ = {isa = PBXBuildFile; fileRef = B554E51F2DC88C64008DA668 /* PataHeroWatch Watch App.app */; settings = {ATTRIBUTES = (RemoveHeadersOnCopy, ); }; };
/* End PBXBuildFile section */

/* Begin PBXContainerItemProxy section */
		B51798092DD521520094D1C6 /* PBXContainerItemProxy */ = {
			isa = PBXContainerItemProxy;
			containerPortal = B538704B2D8D601D0074C396 /* Project object */;
			proxyType = 1;
			remoteGlobalIDString = B51797F42DD521510094D1C6;
			remoteInfo = PataHeroWidgetExtension;
		};
		B554E5402DC88C65008DA668 /* PBXContainerItemProxy */ = {
			isa = PBXContainerItemProxy;
			containerPortal = B538704B2D8D601D0074C396 /* Project object */;
			proxyType = 1;
			remoteGlobalIDString = B554E51E2DC88C64008DA668;
			remoteInfo = "PataHeroWatch Watch App";
		};
/* End PBXContainerItemProxy section */

/* Begin PBXCopyFilesBuildPhase section */
		B51798102DD521520094D1C6 /* Embed Foundation Extensions */ = {
			isa = PBXCopyFilesBuildPhase;
			buildActionMask = 2147483647;
			dstPath = "";
			dstSubfolderSpec = 13;
			files = (
				B517980B2DD521520094D1C6 /* PataHeroWidgetExtension.appex in Embed Foundation Extensions */,
			);
			name = "Embed Foundation Extensions";
			runOnlyForDeploymentPostprocessing = 0;
		};
		B554E5432DC88C65008DA668 /* Embed Watch Content */ = {
			isa = PBXCopyFilesBuildPhase;
			buildActionMask = 2147483647;
			dstPath = "$(CONTENTS_FOLDER_PATH)/Watch";
			dstSubfolderSpec = 16;
			files = (
				B554E5422DC88C65008DA668 /* PataHeroWatch Watch App.app in Embed Watch Content */,
			);
			name = "Embed Watch Content";
			runOnlyForDeploymentPostprocessing = 0;
		};
/* End PBXCopyFilesBuildPhase section */

/* Begin PBXFileReference section */
		B51797F52DD521510094D1C6 /* PataHeroWidgetExtension.appex */ = {isa = PBXFileReference; explicitFileType = "wrapper.app-extension"; includeInIndex = 0; path = PataHeroWidgetExtension.appex; sourceTree = BUILT_PRODUCTS_DIR; };
		B51797F72DD521510094D1C6 /* WidgetKit.framework */ = {isa = PBXFileReference; lastKnownFileType = wrapper.framework; name = WidgetKit.framework; path = System/Library/Frameworks/WidgetKit.framework; sourceTree = SDKROOT; };
		B51797F92DD521510094D1C6 /* SwiftUI.framework */ = {isa = PBXFileReference; lastKnownFileType = wrapper.framework; name = SwiftUI.framework; path = System/Library/Frameworks/SwiftUI.framework; sourceTree = SDKROOT; };
		B52BDE002DC0A05B00CAB9D4 /* PataHero.xcodeproj */ = {isa = PBXFileReference; lastKnownFileType = "wrapper.pb-project"; path = PataHero.xcodeproj; sourceTree = "<group>"; };
		B52EF82C2DA3AA2800BDD42A /* PataHero.xcodeproj */ = {isa = PBXFileReference; lastKnownFileType = "wrapper.pb-project"; name = PataHero.xcodeproj; path = PataHero/PataHero.xcodeproj; sourceTree = SOURCE_ROOT; };
		B53870532D8D601E0074C396 /* PataHero.app */ = {isa = PBXFileReference; explicitFileType = wrapper.application; includeInIndex = 0; path = PataHero.app; sourceTree = BUILT_PRODUCTS_DIR; };
		B554E5012DC7DE3E008DA668 /* PataHero.xcodeproj */ = {isa = PBXFileReference; lastKnownFileType = "wrapper.pb-project"; path = PataHero.xcodeproj; sourceTree = "<group>"; };
		B554E51F2DC88C64008DA668 /* PataHeroWatch Watch App.app */ = {isa = PBXFileReference; explicitFileType = wrapper.application; includeInIndex = 0; path = "PataHeroWatch Watch App.app"; sourceTree = BUILT_PRODUCTS_DIR; };
		B57300BA2DC93F9D008FDBF2 /* PataHero.xcodeproj */ = {isa = PBXFileReference; lastKnownFileType = "wrapper.pb-project"; path = PataHero.xcodeproj; sourceTree = "<group>"; };
		B58FF1CB2DBF85260043AF6C /* PataHero.xcodeproj */ = {isa = PBXFileReference; lastKnownFileType = "wrapper.pb-project"; path = PataHero.xcodeproj; sourceTree = "<group>"; };
/* End PBXFileReference section */

/* Begin PBXFileSystemSynchronizedBuildFileExceptionSet section */
		B517980F2DD521520094D1C6 /* Exceptions for "PataHeroWidget" folder in "PataHeroWidgetExtension" target */ = {
			isa = PBXFileSystemSynchronizedBuildFileExceptionSet;
			membershipExceptions = (
				Info.plist,
			);
			target = B51797F42DD521510094D1C6 /* PataHeroWidgetExtension */;
		};
		B554E5602DC8BE72008DA668 /* Exceptions for "PataHero" folder in "PataHero" target */ = {
			isa = PBXFileSystemSynchronizedBuildFileExceptionSet;
			membershipExceptions = (
				Info.plist,
			);
			target = B53870522D8D601E0074C396 /* PataHero */;
		};
		B57300FC2DCB32E1008FDBF2 /* Exceptions for "PataHero" folder in "PataHeroWatch Watch App" target */ = {
			isa = PBXFileSystemSynchronizedBuildFileExceptionSet;
			membershipExceptions = (
				Assets.xcassets,
				Data/DataType.swift,
				Data/Local/Common_LocalDatabase.swift,
				Data/Local/ProcedureFractures_LocalDatabase.swift,
				Function/Common_Function.swift,
				Function/Data_Function.swift,
				Input/Location_Manager.swift,
				Input/SpeechToText_Manager.swift,
				Output/TextToSpeech_Manager.swift,
				View/Closest_Hospital_Screen.swift,
				View/Component/Common_ViewComponent.swift,
				View/Component/MultiPoint_ProgressBar.swift,
				View/Component/ProcedureFractures_Button.swift,
				View/ContentView.swift,
				View/Model/Common_Model.swift,
				View/Model/ScreenInformation.swift,
				View/ProcedureFractureStep_Screen.swift,
			);
			target = B554E51E2DC88C64008DA668 /* PataHeroWatch Watch App */;
		};
		B5B207BA2DCBC2C3004B775E /* Exceptions for "PataHeroWatch Watch App" folder in "PataHeroWatch Watch App" target */ = {
			isa = PBXFileSystemSynchronizedBuildFileExceptionSet;
			membershipExceptions = (
				Assets.xcassets,
				Hardware/Button_Listener.swift,
				iOS/PhoneCall_Manager.swift,
				Map/Map_View.swift,
				PataHeroWatchApp.swift,
				"Preview Content/Preview Assets.xcassets",
				WatchOS/Input/HandGesture_Manager.swift,
				WatchOS/iOSCommunication_Manager.swift,
				WatchOS/Model/DigitalCrown.swift,
				WatchOS/Model/ErrorCode.swift,
				WatchOS/Model/HandGesture.swift,
			);
			target = B554E51E2DC88C64008DA668 /* PataHeroWatch Watch App */;
		};
		B5B208432DCBFC3E004B775E /* Exceptions for "PataHeroWatch Watch App" folder in "PataHero" target */ = {
			isa = PBXFileSystemSynchronizedBuildFileExceptionSet;
			membershipExceptions = (
				Hardware/Button_Listener.swift,
				WatchOS/Model/DigitalCrown.swift,
				WatchOS/Model/ErrorCode.swift,
				WatchOS/Model/HandGesture.swift,
			);
			target = B53870522D8D601E0074C396 /* PataHero */;
		};
/* End PBXFileSystemSynchronizedBuildFileExceptionSet section */

/* Begin PBXFileSystemSynchronizedRootGroup section */
		B51797FB2DD521510094D1C6 /* PataHeroWidget */ = {
			isa = PBXFileSystemSynchronizedRootGroup;
			exceptions = (
				B517980F2DD521520094D1C6 /* Exceptions for "PataHeroWidget" folder in "PataHeroWidgetExtension" target */,
			);
			path = PataHeroWidget;
			sourceTree = "<group>";
		};
		B53870552D8D601E0074C396 /* PataHero */ = {
			isa = PBXFileSystemSynchronizedRootGroup;
			exceptions = (
				B554E5602DC8BE72008DA668 /* Exceptions for "PataHero" folder in "PataHero" target */,
				B57300FC2DCB32E1008FDBF2 /* Exceptions for "PataHero" folder in "PataHeroWatch Watch App" target */,
			);
			path = PataHero;
			sourceTree = "<group>";
		};
		B5B207B32DCBC2C3004B775E /* PataHeroWatch Watch App */ = {
			isa = PBXFileSystemSynchronizedRootGroup;
			exceptions = (
				B5B208432DCBFC3E004B775E /* Exceptions for "PataHeroWatch Watch App" folder in "PataHero" target */,
				B5B207BA2DCBC2C3004B775E /* Exceptions for "PataHeroWatch Watch App" folder in "PataHeroWatch Watch App" target */,
			);
			path = "PataHeroWatch Watch App";
			sourceTree = "<group>";
		};
/* End PBXFileSystemSynchronizedRootGroup section */

/* Begin PBXFrameworksBuildPhase section */
		B51797F22DD521510094D1C6 /* Frameworks */ = {
			isa = PBXFrameworksBuildPhase;
			buildActionMask = 2147483647;
			files = (
				B51797FA2DD521510094D1C6 /* SwiftUI.framework in Frameworks */,
				B51797F82DD521510094D1C6 /* WidgetKit.framework in Frameworks */,
			);
			runOnlyForDeploymentPostprocessing = 0;
		};
		B53870502D8D601E0074C396 /* Frameworks */ = {
			isa = PBXFrameworksBuildPhase;
			buildActionMask = 2147483647;
			files = (
			);
			runOnlyForDeploymentPostprocessing = 0;
		};
		B554E51C2DC88C64008DA668 /* Frameworks */ = {
			isa = PBXFrameworksBuildPhase;
			buildActionMask = 2147483647;
			files = (
			);
			runOnlyForDeploymentPostprocessing = 0;
		};
/* End PBXFrameworksBuildPhase section */

/* Begin PBXGroup section */
		B51797F62DD521510094D1C6 /* Frameworks */ = {
			isa = PBXGroup;
			children = (
				B51797F72DD521510094D1C6 /* WidgetKit.framework */,
				B51797F92DD521510094D1C6 /* SwiftUI.framework */,
			);
			name = Frameworks;
			sourceTree = "<group>";
		};
		B52BDE022DC0A05B00CAB9D4 /* Products */ = {
			isa = PBXGroup;
			children = (
			);
			name = Products;
			sourceTree = "<group>";
		};
		B52EF82F2DA3AA2800BDD42A /* Products */ = {
			isa = PBXGroup;
			children = (
			);
			name = Products;
			sourceTree = "<group>";
		};
		B538704A2D8D601D0074C396 = {
			isa = PBXGroup;
			children = (
				B53870552D8D601E0074C396 /* PataHero */,
				B5B207B32DCBC2C3004B775E /* PataHeroWatch Watch App */,
				B51797FB2DD521510094D1C6 /* PataHeroWidget */,
				B51797F62DD521510094D1C6 /* Frameworks */,
				B53870542D8D601E0074C396 /* Products */,
			);
			sourceTree = "<group>";
		};
		B53870542D8D601E0074C396 /* Products */ = {
			isa = PBXGroup;
			children = (
				B53870532D8D601E0074C396 /* PataHero.app */,
				B554E51F2DC88C64008DA668 /* PataHeroWatch Watch App.app */,
				B51797F52DD521510094D1C6 /* PataHeroWidgetExtension.appex */,
			);
			name = Products;
			sourceTree = "<group>";
		};
		B554E5042DC7DE3E008DA668 /* Products */ = {
			isa = PBXGroup;
			children = (
			);
			name = Products;
			sourceTree = "<group>";
		};
		B57300BD2DC93F9D008FDBF2 /* Products */ = {
			isa = PBXGroup;
			children = (
			);
			name = Products;
			sourceTree = "<group>";
		};
		B58FF1CD2DBF85260043AF6C /* Products */ = {
			isa = PBXGroup;
			children = (
			);
			name = Products;
			sourceTree = "<group>";
		};
/* End PBXGroup section */

/* Begin PBXNativeTarget section */
		B51797F42DD521510094D1C6 /* PataHeroWidgetExtension */ = {
			isa = PBXNativeTarget;
			buildConfigurationList = B517980C2DD521520094D1C6 /* Build configuration list for PBXNativeTarget "PataHeroWidgetExtension" */;
			buildPhases = (
				B51797F12DD521510094D1C6 /* Sources */,
				B51797F22DD521510094D1C6 /* Frameworks */,
				B51797F32DD521510094D1C6 /* Resources */,
			);
			buildRules = (
			);
			dependencies = (
			);
			fileSystemSynchronizedGroups = (
				B51797FB2DD521510094D1C6 /* PataHeroWidget */,
			);
			name = PataHeroWidgetExtension;
			packageProductDependencies = (
			);
			productName = PataHeroWidgetExtension;
			productReference = B51797F52DD521510094D1C6 /* PataHeroWidgetExtension.appex */;
			productType = "com.apple.product-type.app-extension";
		};
		B53870522D8D601E0074C396 /* PataHero */ = {
			isa = PBXNativeTarget;
			buildConfigurationList = B53870772D8D601F0074C396 /* Build configuration list for PBXNativeTarget "PataHero" */;
			buildPhases = (
				B538704F2D8D601E0074C396 /* Sources */,
				B53870502D8D601E0074C396 /* Frameworks */,
				B53870512D8D601E0074C396 /* Resources */,
				B554E5432DC88C65008DA668 /* Embed Watch Content */,
				B51798102DD521520094D1C6 /* Embed Foundation Extensions */,
			);
			buildRules = (
			);
			dependencies = (
				B554E5412DC88C65008DA668 /* PBXTargetDependency */,
				B517980A2DD521520094D1C6 /* PBXTargetDependency */,
			);
			fileSystemSynchronizedGroups = (
				B53870552D8D601E0074C396 /* PataHero */,
			);
			name = PataHero;
			packageProductDependencies = (
			);
			productName = PataHero;
			productReference = B53870532D8D601E0074C396 /* PataHero.app */;
			productType = "com.apple.product-type.application";
		};
		B554E51E2DC88C64008DA668 /* PataHeroWatch Watch App */ = {
			isa = PBXNativeTarget;
			buildConfigurationList = B554E55C2DC88C65008DA668 /* Build configuration list for PBXNativeTarget "PataHeroWatch Watch App" */;
			buildPhases = (
				B554E51B2DC88C64008DA668 /* Sources */,
				B554E51C2DC88C64008DA668 /* Frameworks */,
				B554E51D2DC88C64008DA668 /* Resources */,
			);
			buildRules = (
			);
			dependencies = (
			);
			name = "PataHeroWatch Watch App";
			packageProductDependencies = (
			);
			productName = "PataHeroWatch Watch App";
			productReference = B554E51F2DC88C64008DA668 /* PataHeroWatch Watch App.app */;
			productType = "com.apple.product-type.application";
		};
/* End PBXNativeTarget section */

/* Begin PBXProject section */
		B538704B2D8D601D0074C396 /* Project object */ = {
			isa = PBXProject;
			attributes = {
				BuildIndependentTargetsInParallel = 1;
				LastSwiftUpdateCheck = 1620;
				LastUpgradeCheck = 1620;
				TargetAttributes = {
					B51797F42DD521510094D1C6 = {
						CreatedOnToolsVersion = 16.2;
					};
					B53870522D8D601E0074C396 = {
						CreatedOnToolsVersion = 16.2;
					};
					B554E51E2DC88C64008DA668 = {
						CreatedOnToolsVersion = 16.2;
					};
				};
			};
			buildConfigurationList = B538704E2D8D601D0074C396 /* Build configuration list for PBXProject "PataHero" */;
			developmentRegion = en;
			hasScannedForEncodings = 0;
			knownRegions = (
				en,
				Base,
			);
			mainGroup = B538704A2D8D601D0074C396;
			minimizedProjectReferenceProxies = 1;
			preferredProjectObjectVersion = 77;
			productRefGroup = B53870542D8D601E0074C396 /* Products */;
			projectDirPath = "";
			projectReferences = (
				{
					ProductGroup = B52EF82F2DA3AA2800BDD42A /* Products */;
					ProjectRef = B52EF82C2DA3AA2800BDD42A /* PataHero.xcodeproj */;
				},
				{
					ProductGroup = B58FF1CD2DBF85260043AF6C /* Products */;
					ProjectRef = B58FF1CB2DBF85260043AF6C /* PataHero.xcodeproj */;
				},
				{
					ProductGroup = B57300BD2DC93F9D008FDBF2 /* Products */;
					ProjectRef = B57300BA2DC93F9D008FDBF2 /* PataHero.xcodeproj */;
				},
				{
					ProductGroup = B52BDE022DC0A05B00CAB9D4 /* Products */;
					ProjectRef = B52BDE002DC0A05B00CAB9D4 /* PataHero.xcodeproj */;
				},
				{
					ProductGroup = B554E5042DC7DE3E008DA668 /* Products */;
					ProjectRef = B554E5012DC7DE3E008DA668 /* PataHero.xcodeproj */;
				},
			);
			projectRoot = "";
			targets = (
				B53870522D8D601E0074C396 /* PataHero */,
				B554E51E2DC88C64008DA668 /* PataHeroWatch Watch App */,
				B51797F42DD521510094D1C6 /* PataHeroWidgetExtension */,
			);
		};
/* End PBXProject section */

/* Begin PBXResourcesBuildPhase section */
		B51797F32DD521510094D1C6 /* Resources */ = {
			isa = PBXResourcesBuildPhase;
			buildActionMask = 2147483647;
			files = (
			);
			runOnlyForDeploymentPostprocessing = 0;
		};
		B53870512D8D601E0074C396 /* Resources */ = {
			isa = PBXResourcesBuildPhase;
			buildActionMask = 2147483647;
			files = (
			);
			runOnlyForDeploymentPostprocessing = 0;
		};
		B554E51D2DC88C64008DA668 /* Resources */ = {
			isa = PBXResourcesBuildPhase;
			buildActionMask = 2147483647;
			files = (
			);
			runOnlyForDeploymentPostprocessing = 0;
		};
/* End PBXResourcesBuildPhase section */

/* Begin PBXSourcesBuildPhase section */
		B51797F12DD521510094D1C6 /* Sources */ = {
			isa = PBXSourcesBuildPhase;
			buildActionMask = 2147483647;
			files = (
			);
			runOnlyForDeploymentPostprocessing = 0;
		};
		B538704F2D8D601E0074C396 /* Sources */ = {
			isa = PBXSourcesBuildPhase;
			buildActionMask = 2147483647;
			files = (
			);
			runOnlyForDeploymentPostprocessing = 0;
		};
		B554E51B2DC88C64008DA668 /* Sources */ = {
			isa = PBXSourcesBuildPhase;
			buildActionMask = 2147483647;
			files = (
			);
			runOnlyForDeploymentPostprocessing = 0;
		};
/* End PBXSourcesBuildPhase section */

/* Begin PBXTargetDependency section */
		B517980A2DD521520094D1C6 /* PBXTargetDependency */ = {
			isa = PBXTargetDependency;
			target = B51797F42DD521510094D1C6 /* PataHeroWidgetExtension */;
			targetProxy = B51798092DD521520094D1C6 /* PBXContainerItemProxy */;
		};
		B554E5412DC88C65008DA668 /* PBXTargetDependency */ = {
			isa = PBXTargetDependency;
			target = B554E51E2DC88C64008DA668 /* PataHeroWatch Watch App */;
			targetProxy = B554E5402DC88C65008DA668 /* PBXContainerItemProxy */;
		};
/* End PBXTargetDependency section */

/* Begin XCBuildConfiguration section */
		B517980D2DD521520094D1C6 /* Debug */ = {
			isa = XCBuildConfiguration;
			buildSettings = {
				ASSETCATALOG_COMPILER_GLOBAL_ACCENT_COLOR_NAME = AccentColor;
				ASSETCATALOG_COMPILER_WIDGET_BACKGROUND_COLOR_NAME = WidgetBackground;
				CODE_SIGN_STYLE = Automatic;
				CURRENT_PROJECT_VERSION = 1;
				DEVELOPMENT_TEAM = VTA7YX2JGG;
				GENERATE_INFOPLIST_FILE = YES;
				INFOPLIST_FILE = PataHeroWidget/Info.plist;
				INFOPLIST_KEY_CFBundleDisplayName = PataHeroWidget;
				INFOPLIST_KEY_NSHumanReadableCopyright = "";
				LD_RUNPATH_SEARCH_PATHS = (
					"$(inherited)",
					"@executable_path/Frameworks",
					"@executable_path/../../Frameworks",
				);
				MARKETING_VERSION = 1.0;
				PRODUCT_BUNDLE_IDENTIFIER = com.hamric.PataHero.PataHeroWidget;
				PRODUCT_NAME = "$(TARGET_NAME)";
				SKIP_INSTALL = YES;
				SWIFT_EMIT_LOC_STRINGS = YES;
				SWIFT_VERSION = 5.0;
				TARGETED_DEVICE_FAMILY = "1,2";
			};
			name = Debug;
		};
		B517980E2DD521520094D1C6 /* Release */ = {
			isa = XCBuildConfiguration;
			buildSettings = {
				ASSETCATALOG_COMPILER_GLOBAL_ACCENT_COLOR_NAME = AccentColor;
				ASSETCATALOG_COMPILER_WIDGET_BACKGROUND_COLOR_NAME = WidgetBackground;
				CODE_SIGN_STYLE = Automatic;
				CURRENT_PROJECT_VERSION = 1;
				DEVELOPMENT_TEAM = VTA7YX2JGG;
				GENERATE_INFOPLIST_FILE = YES;
				INFOPLIST_FILE = PataHeroWidget/Info.plist;
				INFOPLIST_KEY_CFBundleDisplayName = PataHeroWidget;
				INFOPLIST_KEY_NSHumanReadableCopyright = "";
				LD_RUNPATH_SEARCH_PATHS = (
					"$(inherited)",
					"@executable_path/Frameworks",
					"@executable_path/../../Frameworks",
				);
				MARKETING_VERSION = 1.0;
				PRODUCT_BUNDLE_IDENTIFIER = com.hamric.PataHero.PataHeroWidget;
				PRODUCT_NAME = "$(TARGET_NAME)";
				SKIP_INSTALL = YES;
				SWIFT_EMIT_LOC_STRINGS = YES;
				SWIFT_VERSION = 5.0;
				TARGETED_DEVICE_FAMILY = "1,2";
			};
			name = Release;
		};
		B53870752D8D601F0074C396 /* Debug */ = {
			isa = XCBuildConfiguration;
			buildSettings = {
				ALWAYS_SEARCH_USER_PATHS = NO;
				ASSETCATALOG_COMPILER_GENERATE_SWIFT_ASSET_SYMBOL_EXTENSIONS = YES;
				CLANG_ANALYZER_NONNULL = YES;
				CLANG_ANALYZER_NUMBER_OBJECT_CONVERSION = YES_AGGRESSIVE;
				CLANG_CXX_LANGUAGE_STANDARD = "gnu++20";
				CLANG_ENABLE_MODULES = YES;
				CLANG_ENABLE_OBJC_ARC = YES;
				CLANG_ENABLE_OBJC_WEAK = YES;
				CLANG_WARN_BLOCK_CAPTURE_AUTORELEASING = YES;
				CLANG_WARN_BOOL_CONVERSION = YES;
				CLANG_WARN_COMMA = YES;
				CLANG_WARN_CONSTANT_CONVERSION = YES;
				CLANG_WARN_DEPRECATED_OBJC_IMPLEMENTATIONS = YES;
				CLANG_WARN_DIRECT_OBJC_ISA_USAGE = YES_ERROR;
				CLANG_WARN_DOCUMENTATION_COMMENTS = YES;
				CLANG_WARN_EMPTY_BODY = YES;
				CLANG_WARN_ENUM_CONVERSION = YES;
				CLANG_WARN_INFINITE_RECURSION = YES;
				CLANG_WARN_INT_CONVERSION = YES;
				CLANG_WARN_NON_LITERAL_NULL_CONVERSION = YES;
				CLANG_WARN_OBJC_IMPLICIT_RETAIN_SELF = YES;
				CLANG_WARN_OBJC_LITERAL_CONVERSION = YES;
				CLANG_WARN_OBJC_ROOT_CLASS = YES_ERROR;
				CLANG_WARN_QUOTED_INCLUDE_IN_FRAMEWORK_HEADER = YES;
				CLANG_WARN_RANGE_LOOP_ANALYSIS = YES;
				CLANG_WARN_STRICT_PROTOTYPES = YES;
				CLANG_WARN_SUSPICIOUS_MOVE = YES;
				CLANG_WARN_UNGUARDED_AVAILABILITY = YES_AGGRESSIVE;
				CLANG_WARN_UNREACHABLE_CODE = YES;
				CLANG_WARN__DUPLICATE_METHOD_MATCH = YES;
				COPY_PHASE_STRIP = NO;
				DEBUG_INFORMATION_FORMAT = dwarf;
				ENABLE_STRICT_OBJC_MSGSEND = YES;
				ENABLE_TESTABILITY = YES;
				ENABLE_USER_SCRIPT_SANDBOXING = YES;
				GCC_C_LANGUAGE_STANDARD = gnu17;
				GCC_DYNAMIC_NO_PIC = NO;
				GCC_NO_COMMON_BLOCKS = YES;
				GCC_OPTIMIZATION_LEVEL = 0;
				GCC_PREPROCESSOR_DEFINITIONS = (
					"DEBUG=1",
					"$(inherited)",
				);
				GCC_WARN_64_TO_32_BIT_CONVERSION = YES;
				GCC_WARN_ABOUT_RETURN_TYPE = YES_ERROR;
				GCC_WARN_UNDECLARED_SELECTOR = YES;
				GCC_WARN_UNINITIALIZED_AUTOS = YES_AGGRESSIVE;
				GCC_WARN_UNUSED_FUNCTION = YES;
				GCC_WARN_UNUSED_VARIABLE = YES;
				IPHONEOS_DEPLOYMENT_TARGET = 18.2;
				LOCALIZATION_PREFERS_STRING_CATALOGS = YES;
				MTL_ENABLE_DEBUG_INFO = INCLUDE_SOURCE;
				MTL_FAST_MATH = YES;
				ONLY_ACTIVE_ARCH = YES;
				SDKROOT = iphoneos;
				SWIFT_ACTIVE_COMPILATION_CONDITIONS = "DEBUG $(inherited)";
				SWIFT_OPTIMIZATION_LEVEL = "-Onone";
			};
			name = Debug;
		};
		B53870762D8D601F0074C396 /* Release */ = {
			isa = XCBuildConfiguration;
			buildSettings = {
				ALWAYS_SEARCH_USER_PATHS = NO;
				ASSETCATALOG_COMPILER_GENERATE_SWIFT_ASSET_SYMBOL_EXTENSIONS = YES;
				CLANG_ANALYZER_NONNULL = YES;
				CLANG_ANALYZER_NUMBER_OBJECT_CONVERSION = YES_AGGRESSIVE;
				CLANG_CXX_LANGUAGE_STANDARD = "gnu++20";
				CLANG_ENABLE_MODULES = YES;
				CLANG_ENABLE_OBJC_ARC = YES;
				CLANG_ENABLE_OBJC_WEAK = YES;
				CLANG_WARN_BLOCK_CAPTURE_AUTORELEASING = YES;
				CLANG_WARN_BOOL_CONVERSION = YES;
				CLANG_WARN_COMMA = YES;
				CLANG_WARN_CONSTANT_CONVERSION = YES;
				CLANG_WARN_DEPRECATED_OBJC_IMPLEMENTATIONS = YES;
				CLANG_WARN_DIRECT_OBJC_ISA_USAGE = YES_ERROR;
				CLANG_WARN_DOCUMENTATION_COMMENTS = YES;
				CLANG_WARN_EMPTY_BODY = YES;
				CLANG_WARN_ENUM_CONVERSION = YES;
				CLANG_WARN_INFINITE_RECURSION = YES;
				CLANG_WARN_INT_CONVERSION = YES;
				CLANG_WARN_NON_LITERAL_NULL_CONVERSION = YES;
				CLANG_WARN_OBJC_IMPLICIT_RETAIN_SELF = YES;
				CLANG_WARN_OBJC_LITERAL_CONVERSION = YES;
				CLANG_WARN_OBJC_ROOT_CLASS = YES_ERROR;
				CLANG_WARN_QUOTED_INCLUDE_IN_FRAMEWORK_HEADER = YES;
				CLANG_WARN_RANGE_LOOP_ANALYSIS = YES;
				CLANG_WARN_STRICT_PROTOTYPES = YES;
				CLANG_WARN_SUSPICIOUS_MOVE = YES;
				CLANG_WARN_UNGUARDED_AVAILABILITY = YES_AGGRESSIVE;
				CLANG_WARN_UNREACHABLE_CODE = YES;
				CLANG_WARN__DUPLICATE_METHOD_MATCH = YES;
				COPY_PHASE_STRIP = NO;
				DEBUG_INFORMATION_FORMAT = "dwarf-with-dsym";
				ENABLE_NS_ASSERTIONS = NO;
				ENABLE_STRICT_OBJC_MSGSEND = YES;
				ENABLE_USER_SCRIPT_SANDBOXING = YES;
				GCC_C_LANGUAGE_STANDARD = gnu17;
				GCC_NO_COMMON_BLOCKS = YES;
				GCC_WARN_64_TO_32_BIT_CONVERSION = YES;
				GCC_WARN_ABOUT_RETURN_TYPE = YES_ERROR;
				GCC_WARN_UNDECLARED_SELECTOR = YES;
				GCC_WARN_UNINITIALIZED_AUTOS = YES_AGGRESSIVE;
				GCC_WARN_UNUSED_FUNCTION = YES;
				GCC_WARN_UNUSED_VARIABLE = YES;
				IPHONEOS_DEPLOYMENT_TARGET = 18.2;
				LOCALIZATION_PREFERS_STRING_CATALOGS = YES;
				MTL_ENABLE_DEBUG_INFO = NO;
				MTL_FAST_MATH = YES;
				SDKROOT = iphoneos;
				SWIFT_COMPILATION_MODE = wholemodule;
				VALIDATE_PRODUCT = YES;
			};
			name = Release;
		};
		B53870782D8D601F0074C396 /* Debug */ = {
			isa = XCBuildConfiguration;
			buildSettings = {
				ASSETCATALOG_COMPILER_APPICON_NAME = AppIcon;
				ASSETCATALOG_COMPILER_GLOBAL_ACCENT_COLOR_NAME = AccentColor;
				ASSETCATALOG_COMPILER_INCLUDE_ALL_APPICON_ASSETS = NO;
				CODE_SIGN_STYLE = Automatic;
				CURRENT_PROJECT_VERSION = 1;
				DEVELOPMENT_ASSET_PATHS = "\"PataHero/Preview Content\"";
				DEVELOPMENT_TEAM = VTA7YX2JGG;
				ENABLE_PREVIEWS = YES;
				GENERATE_INFOPLIST_FILE = YES;
				INFOPLIST_FILE = PataHero/Info.plist;
				INFOPLIST_KEY_NSLocationWhenInUseUsageDescription = "This app needs your location to show coordinates and altitude.";
				INFOPLIST_KEY_UIApplicationSceneManifest_Generation = YES;
				INFOPLIST_KEY_UIApplicationSupportsIndirectInputEvents = YES;
				INFOPLIST_KEY_UILaunchScreen_Generation = YES;
				INFOPLIST_KEY_UISupportedInterfaceOrientations_iPad = "UIInterfaceOrientationPortrait UIInterfaceOrientationPortraitUpsideDown UIInterfaceOrientationLandscapeLeft UIInterfaceOrientationLandscapeRight";
				INFOPLIST_KEY_UISupportedInterfaceOrientations_iPhone = "UIInterfaceOrientationPortrait UIInterfaceOrientationLandscapeLeft UIInterfaceOrientationLandscapeRight";
				IPHONEOS_DEPLOYMENT_TARGET = 16.6;
				LD_RUNPATH_SEARCH_PATHS = (
					"$(inherited)",
					"@executable_path/Frameworks",
				);
				MARKETING_VERSION = 1.0;
				PRODUCT_BUNDLE_IDENTIFIER = com.hamric.PataHero;
				PRODUCT_NAME = "$(TARGET_NAME)";
				SWIFT_EMIT_LOC_STRINGS = YES;
				SWIFT_VERSION = 5.0;
				TARGETED_DEVICE_FAMILY = "1,2";
			};
			name = Debug;
		};
		B53870792D8D601F0074C396 /* Release */ = {
			isa = XCBuildConfiguration;
			buildSettings = {
				ASSETCATALOG_COMPILER_APPICON_NAME = AppIcon;
				ASSETCATALOG_COMPILER_GLOBAL_ACCENT_COLOR_NAME = AccentColor;
				ASSETCATALOG_COMPILER_INCLUDE_ALL_APPICON_ASSETS = NO;
				CODE_SIGN_STYLE = Automatic;
				CURRENT_PROJECT_VERSION = 1;
				DEVELOPMENT_ASSET_PATHS = "\"PataHero/Preview Content\"";
				DEVELOPMENT_TEAM = VTA7YX2JGG;
				ENABLE_PREVIEWS = YES;
				GENERATE_INFOPLIST_FILE = YES;
				INFOPLIST_FILE = PataHero/Info.plist;
				INFOPLIST_KEY_NSLocationWhenInUseUsageDescription = "This app needs your location to show coordinates and altitude.";
				INFOPLIST_KEY_UIApplicationSceneManifest_Generation = YES;
				INFOPLIST_KEY_UIApplicationSupportsIndirectInputEvents = YES;
				INFOPLIST_KEY_UILaunchScreen_Generation = YES;
				INFOPLIST_KEY_UISupportedInterfaceOrientations_iPad = "UIInterfaceOrientationPortrait UIInterfaceOrientationPortraitUpsideDown UIInterfaceOrientationLandscapeLeft UIInterfaceOrientationLandscapeRight";
				INFOPLIST_KEY_UISupportedInterfaceOrientations_iPhone = "UIInterfaceOrientationPortrait UIInterfaceOrientationLandscapeLeft UIInterfaceOrientationLandscapeRight";
				IPHONEOS_DEPLOYMENT_TARGET = 16.6;
				LD_RUNPATH_SEARCH_PATHS = (
					"$(inherited)",
					"@executable_path/Frameworks",
				);
				MARKETING_VERSION = 1.0;
				PRODUCT_BUNDLE_IDENTIFIER = com.hamric.PataHero;
				PRODUCT_NAME = "$(TARGET_NAME)";
				SWIFT_EMIT_LOC_STRINGS = YES;
				SWIFT_VERSION = 5.0;
				TARGETED_DEVICE_FAMILY = "1,2";
			};
			name = Release;
		};
		B554E5442DC88C65008DA668 /* Debug */ = {
			isa = XCBuildConfiguration;
			buildSettings = {
				ASSETCATALOG_COMPILER_APPICON_NAME = WatchAppIcon;
				ASSETCATALOG_COMPILER_GLOBAL_ACCENT_COLOR_NAME = AccentColor;
				CODE_SIGN_STYLE = Automatic;
				CURRENT_PROJECT_VERSION = 1;
				DEVELOPMENT_ASSET_PATHS = "\"PataHeroWatch Watch App/Preview Content\"";
				DEVELOPMENT_TEAM = VTA7YX2JGG;
				ENABLE_PREVIEWS = YES;
				GENERATE_INFOPLIST_FILE = YES;
				INFOPLIST_FILE = "PataHeroWatch-Watch-App-Info.plist";
				INFOPLIST_KEY_CFBundleDisplayName = PataHeroWatch;
				INFOPLIST_KEY_NSLocationWhenInUseUsageDescription = "This app needs your location.";
				INFOPLIST_KEY_UISupportedInterfaceOrientations = "UIInterfaceOrientationPortrait UIInterfaceOrientationPortraitUpsideDown";
				INFOPLIST_KEY_WKCompanionAppBundleIdentifier = com.hamric.PataHero;
				LD_RUNPATH_SEARCH_PATHS = (
					"$(inherited)",
					"@executable_path/Frameworks",
				);
				MARKETING_VERSION = 1.0;
				PRODUCT_BUNDLE_IDENTIFIER = com.hamric.PataHero.watchkitapp;
				PRODUCT_NAME = "$(TARGET_NAME)";
				SDKROOT = watchos;
				SKIP_INSTALL = YES;
				SWIFT_EMIT_LOC_STRINGS = YES;
				SWIFT_VERSION = 5.0;
				TARGETED_DEVICE_FAMILY = 4;
				WATCHOS_DEPLOYMENT_TARGET = 11.2;
			};
			name = Debug;
		};
		B554E5452DC88C65008DA668 /* Release */ = {
			isa = XCBuildConfiguration;
			buildSettings = {
				ASSETCATALOG_COMPILER_APPICON_NAME = WatchAppIcon;
				ASSETCATALOG_COMPILER_GLOBAL_ACCENT_COLOR_NAME = AccentColor;
				CODE_SIGN_STYLE = Automatic;
				CURRENT_PROJECT_VERSION = 1;
				DEVELOPMENT_ASSET_PATHS = "\"PataHeroWatch Watch App/Preview Content\"";
				DEVELOPMENT_TEAM = VTA7YX2JGG;
				ENABLE_PREVIEWS = YES;
				GENERATE_INFOPLIST_FILE = YES;
				INFOPLIST_FILE = "PataHeroWatch-Watch-App-Info.plist";
				INFOPLIST_KEY_CFBundleDisplayName = PataHeroWatch;
				INFOPLIST_KEY_NSLocationWhenInUseUsageDescription = "This app needs your location.";
				INFOPLIST_KEY_UISupportedInterfaceOrientations = "UIInterfaceOrientationPortrait UIInterfaceOrientationPortraitUpsideDown";
				INFOPLIST_KEY_WKCompanionAppBundleIdentifier = com.hamric.PataHero;
				LD_RUNPATH_SEARCH_PATHS = (
					"$(inherited)",
					"@executable_path/Frameworks",
				);
				MARKETING_VERSION = 1.0;
				PRODUCT_BUNDLE_IDENTIFIER = com.hamric.PataHero.watchkitapp;
				PRODUCT_NAME = "$(TARGET_NAME)";
				SDKROOT = watchos;
				SKIP_INSTALL = YES;
				SWIFT_EMIT_LOC_STRINGS = YES;
				SWIFT_VERSION = 5.0;
				TARGETED_DEVICE_FAMILY = 4;
				WATCHOS_DEPLOYMENT_TARGET = 11.2;
			};
			name = Release;
		};
/* End XCBuildConfiguration section */

/* Begin XCConfigurationList section */
		B517980C2DD521520094D1C6 /* Build configuration list for PBXNativeTarget "PataHeroWidgetExtension" */ = {
			isa = XCConfigurationList;
			buildConfigurations = (
				B517980D2DD521520094D1C6 /* Debug */,
				B517980E2DD521520094D1C6 /* Release */,
			);
			defaultConfigurationIsVisible = 0;
			defaultConfigurationName = Release;
		};
		B538704E2D8D601D0074C396 /* Build configuration list for PBXProject "PataHero" */ = {
			isa = XCConfigurationList;
			buildConfigurations = (
				B53870752D8D601F0074C396 /* Debug */,
				B53870762D8D601F0074C396 /* Release */,
			);
			defaultConfigurationIsVisible = 0;
			defaultConfigurationName = Release;
		};
		B53870772D8D601F0074C396 /* Build configuration list for PBXNativeTarget "PataHero" */ = {
			isa = XCConfigurationList;
			buildConfigurations = (
				B53870782D8D601F0074C396 /* Debug */,
				B53870792D8D601F0074C396 /* Release */,
			);
			defaultConfigurationIsVisible = 0;
			defaultConfigurationName = Release;
		};
		B554E55C2DC88C65008DA668 /* Build configuration list for PBXNativeTarget "PataHeroWatch Watch App" */ = {
			isa = XCConfigurationList;
			buildConfigurations = (
				B554E5442DC88C65008DA668 /* Debug */,
				B554E5452DC88C65008DA668 /* Release */,
			);
			defaultConfigurationIsVisible = 0;
			defaultConfigurationName = Release;
		};
/* End XCConfigurationList section */
	};
	rootObject = B538704B2D8D601D0074C396 /* Project object */;
}
